Microsoft Visual Studio Solution File, Format Version 11.00
# Visual Studio 2008

Project("{C343AD45-42AF-E9AE-919A-8260DC1C8B5B}") = "CharacterControllerTest", "Assembly-CSharp-firstpass.csproj", "{B72F0FC2-4377-12B5-0AD9-81285F3779E4}"
EndProject
Project("{C343AD45-42AF-E9AE-919A-8260DC1C8B5B}") = "CharacterControllerTest", "Assembly-CSharp.csproj", "{3A426481-1AF7-3351-FA15-F528AD35A3FC}"
EndProject
Project("{C343AD45-42AF-E9AE-919A-8260DC1C8B5B}") = "CharacterControllerTest", "Assembly-CSharp-Editor-firstpass.csproj", "{8ACE16AD-5379-D224-1268-57D2BF85D4CF}"
EndProject
Project("{C343AD45-42AF-E9AE-919A-8260DC1C8B5B}") = "CharacterControllerTest", "Assembly-UnityScript-firstpass.unityproj", "{54DA5887-5620-E6DC-BC91-C87D46FCD1A6}"
EndProject
Project("{C343AD45-42AF-E9AE-919A-8260DC1C8B5B}") = "CharacterControllerTest", "Assembly-UnityScript-Editor-firstpass.unityproj", "{0FC79E08-6EC8-D262-C54C-C48A909A38C5}"
EndProject
Project("{C343AD45-42AF-E9AE-919A-8260DC1C8B5B}") = "CharacterControllerTest", "Assembly-UnityScript-Editor.unityproj", "{47AE5806-226D-A28E-4BD8-BA3E39C80F3D}"
EndProject
Global
	GlobalSection(SolutionConfigurationPlatforms) = preSolution
		Debug|Any CPU = Debug|Any CPU
		Release|Any CPU = Release|Any CPU
	EndGlobalSection
	GlobalSection(ProjectConfigurationPlatforms) = postSolution
		{B72F0FC2-4377-12B5-0AD9-81285F3779E4}.Debug|Any CPU.ActiveCfg = Debug|Any CPU
		{B72F0FC2-4377-12B5-0AD9-81285F3779E4}.Debug|Any CPU.Build.0 = Debug|Any CPU
		{B72F0FC2-4377-12B5-0AD9-81285F3779E4}.Release|Any CPU.ActiveCfg = Release|Any CPU
		{B72F0FC2-4377-12B5-0AD9-81285F3779E4}.Release|Any CPU.Build.0 = Release|Any CPU
		{3A426481-1AF7-3351-FA15-F528AD35A3FC}.Debug|Any CPU.ActiveCfg = Debug|Any CPU
		{3A426481-1AF7-3351-FA15-F528AD35A3FC}.Debug|Any CPU.Build.0 = Debug|Any CPU
		{3A426481-1AF7-3351-FA15-F528AD35A3FC}.Release|Any CPU.ActiveCfg = Release|Any CPU
		{3A426481-1AF7-3351-FA15-F528AD35A3FC}.Release|Any CPU.Build.0 = Release|Any CPU
		{8ACE16AD-5379-D224-1268-57D2BF85D4CF}.Debug|Any CPU.ActiveCfg = Debug|Any CPU
		{8ACE16AD-5379-D224-1268-57D2BF85D4CF}.Debug|Any CPU.Build.0 = Debug|Any CPU
		{8ACE16AD-5379-D224-1268-57D2BF85D4CF}.Release|Any CPU.ActiveCfg = Release|Any CPU
		{8ACE16AD-5379-D224-1268-57D2BF85D4CF}.Release|Any CPU.Build.0 = Release|Any CPU
		{54DA5887-5620-E6DC-BC91-C87D46FCD1A6}.Debug|Any CPU.ActiveCfg = Debug|Any CPU
		{54DA5887-5620-E6DC-BC91-C87D46FCD1A6}.Debug|Any CPU.Build.0 = Debug|Any CPU
		{54DA5887-5620-E6DC-BC91-C87D46FCD1A6}.Release|Any CPU.ActiveCfg = Release|Any CPU
		{54DA5887-5620-E6DC-BC91-C87D46FCD1A6}.Release|Any CPU.Build.0 = Release|Any CPU
		{0FC79E08-6EC8-D262-C54C-C48A909A38C5}.Debug|Any CPU.ActiveCfg = Debug|Any CPU
		{0FC79E08-6EC8-D262-C54C-C48A909A38C5}.Debug|Any CPU.Build.0 = Debug|Any CPU
		{0FC79E08-6EC8-D262-C54C-C48A909A38C5}.Release|Any CPU.ActiveCfg = Release|Any CPU
		{0FC79E08-6EC8-D262-C54C-C48A909A38C5}.Release|Any CPU.Build.0 = Release|Any CPU
		{47AE5806-226D-A28E-4BD8-BA3E39C80F3D}.Debug|Any CPU.ActiveCfg = Debug|Any CPU
		{47AE5806-226D-A28E-4BD8-BA3E39C80F3D}.Debug|Any CPU.Build.0 = Debug|Any CPU
		{47AE5806-226D-A28E-4BD8-BA3E39C80F3D}.Release|Any CPU.ActiveCfg = Release|Any CPU
		{47AE5806-226D-A28E-4BD8-BA3E39C80F3D}.Release|Any CPU.Build.0 = Release|Any CPU
	EndGlobalSection
	GlobalSection(SolutionProperties) = preSolution
		HideSolutionNode = FALSE
	EndGlobalSection
																																	GlobalSection(MonoDevelopProperties) = preSolution
		StartupItem = Assembly-CSharp.csproj
		Policies = $0
		$0.TextStylePolicy = $1
		$1.inheritsSet = null
		$1.scope = text/x-csharp
		$0.CSharpFormattingPolicy = $2
		$2.inheritsSet = Mono
		$2.inheritsScope = text/x-csharp
		$2.scope = text/x-csharp
		$0.TextStylePolicy = $3
		$3.FileWidth = 120
		$3.TabWidth = 4
		$3.EolMarker = Unix
		$3.inheritsSet = Mono
		$3.inheritsScope = text/plain
		$3.scope = text/plain
	EndGlobalSection

EndGlobal
